
Microsoft Visual Studio Solution File, Format Version 12.00
# Visual Studio 15
VisualStudioVersion = 15.0.35714.111
MinimumVisualStudioVersion = 10.0.40219.1
Project("{FAE04EC0-301F-11D3-BF4B-00C04F79EFBC}") = "ABXClient", "ABXClient\ABXClient.csproj", "{5DD03CD2-12EA-4D6F-BE79-18D8B0B99145}"
EndProject
Global
	GlobalSection(SolutionConfigurationPlatforms) = preSolution
		Debug|Any CPU = Debug|Any CPU
		Release|Any CPU = Release|Any CPU
	EndGlobalSection
	GlobalSection(ProjectConfigurationPlatforms) = postSolution
		{5DD03CD2-12EA-4D6F-BE79-18D8B0B99145}.Debug|Any CPU.ActiveCfg = Debug|Any CPU
		{5DD03CD2-12EA-4D6F-BE79-18D8B0B99145}.Debug|Any CPU.Build.0 = Debug|Any CPU
		{5DD03CD2-12EA-4D6F-BE79-18D8B0B99145}.Release|Any CPU.ActiveCfg = Release|Any CPU
		{5DD03CD2-12EA-4D6F-BE79-18D8B0B99145}.Release|Any CPU.Build.0 = Release|Any CPU
	EndGlobalSection
	GlobalSection(SolutionProperties) = preSolution
		HideSolutionNode = FALSE
	EndGlobalSection
	GlobalSection(ExtensibilityGlobals) = postSolution
		SolutionGuid = {73DD9E87-1DEE-4DFA-888F-D2221B78C276}
	EndGlobalSection
EndGlobal
